# THIS IS AN AUTOGENERATED FILE. DO NOT EDIT THIS FILE DIRECTLY.
# yarn lockfile v1


dank-do-while@^0.1.2:
  version "0.1.2"
  resolved "https://registry.yarnpkg.com/dank-do-while/-/dank-do-while-0.1.2.tgz#819b25937b9777657b56f5172ad856596fcd0c84"

net@^1.0.2:
  version "1.0.2"
  resolved "https://registry.yarnpkg.com/net/-/net-1.0.2.tgz#d1757ec9a7fb2371d83cf4755ce3e27e10829388"

node-thermal-printer@^2.0.0:
  version "2.0.0"
  resolved "https://registry.yarnpkg.com/node-thermal-printer/-/node-thermal-printer-2.0.0.tgz#5c198cf10d9654a3e8fdcce7c4da54c85438a475"
  dependencies:
    net "^1.0.2"
    pngjs "^3.2.0"
    unorm "^1.4.1"
    write-file-queue "0.0.1"

pngjs@^3.2.0:
  version "3.3.3"
  resolved "https://registry.yarnpkg.com/pngjs/-/pngjs-3.3.3.tgz#85173703bde3edac8998757b96e5821d0966a21b"

printer@^0.2.2:
  version "0.2.2"
  resolved "https://registry.yarnpkg.com/printer/-/printer-0.2.2.tgz#830b8f5c97b97fd9b464d4f4e105d43337792296"

unorm@^1.4.1:
  version "1.4.1"
  resolved "https://registry.yarnpkg.com/unorm/-/unorm-1.4.1.tgz#364200d5f13646ca8bcd44490271335614792300"

write-file-queue@0.0.1:
  version "0.0.1"
  resolved "https://registry.yarnpkg.com/write-file-queue/-/write-file-queue-0.0.1.tgz#3764f614451806e9612c969b770d830a6a8115e9"
  dependencies:
    dank-do-while "^0.1.2"
